
Microsoft Visual Studio Solution File, Format Version 12.00
# Visual Studio Version 16
VisualStudioVersion = 16.0.31729.503
MinimumVisualStudioVersion = 10.0.40219.1
Project("{FAE04EC0-301F-11D3-BF4B-00C04F79EFBC}") = "Bai13", "Bai13\Bai13.csproj", "{FA4276A5-2D3F-45EA-B620-8E3ECAFDFAA9}"
EndProject
Global
	GlobalSection(SolutionConfigurationPlatforms) = preSolution
		Debug|Any CPU = Debug|Any CPU
		Release|Any CPU = Release|Any CPU
	EndGlobalSection
	GlobalSection(ProjectConfigurationPlatforms) = postSolution
		{FA4276A5-2D3F-45EA-B620-8E3ECAFDFAA9}.Debug|Any CPU.ActiveCfg = Debug|Any CPU
		{FA4276A5-2D3F-45EA-B620-8E3ECAFDFAA9}.Debug|Any CPU.Build.0 = Debug|Any CPU
		{FA4276A5-2D3F-45EA-B620-8E3ECAFDFAA9}.Release|Any CPU.ActiveCfg = Release|Any CPU
		{FA4276A5-2D3F-45EA-B620-8E3ECAFDFAA9}.Release|Any CPU.Build.0 = Release|Any CPU
	EndGlobalSection
	GlobalSection(SolutionProperties) = preSolution
		HideSolutionNode = FALSE
	EndGlobalSection
	GlobalSection(ExtensibilityGlobals) = postSolution
		SolutionGuid = {04037F6A-4502-42C0-98F4-BCD29C2D4549}
	EndGlobalSection
EndGlobal
