
Microsoft Visual Studio Solution File, Format Version 12.00
# Visual Studio Version 16
VisualStudioVersion = 16.0.31729.503
MinimumVisualStudioVersion = 10.0.40219.1
Project("{FAE04EC0-301F-11D3-BF4B-00C04F79EFBC}") = "Bai11", "Bai11\Bai11.csproj", "{8E3D9DE3-74BA-40A7-8685-838FFEE61B5A}"
EndProject
Global
	GlobalSection(SolutionConfigurationPlatforms) = preSolution
		Debug|Any CPU = Debug|Any CPU
		Release|Any CPU = Release|Any CPU
	EndGlobalSection
	GlobalSection(ProjectConfigurationPlatforms) = postSolution
		{8E3D9DE3-74BA-40A7-8685-838FFEE61B5A}.Debug|Any CPU.ActiveCfg = Debug|Any CPU
		{8E3D9DE3-74BA-40A7-8685-838FFEE61B5A}.Debug|Any CPU.Build.0 = Debug|Any CPU
		{8E3D9DE3-74BA-40A7-8685-838FFEE61B5A}.Release|Any CPU.ActiveCfg = Release|Any CPU
		{8E3D9DE3-74BA-40A7-8685-838FFEE61B5A}.Release|Any CPU.Build.0 = Release|Any CPU
	EndGlobalSection
	GlobalSection(SolutionProperties) = preSolution
		HideSolutionNode = FALSE
	EndGlobalSection
	GlobalSection(ExtensibilityGlobals) = postSolution
		SolutionGuid = {1B728E42-6B64-495A-9E9F-4930FE9EF234}
	EndGlobalSection
EndGlobal
