
Microsoft Visual Studio Solution File, Format Version 12.00
# Visual Studio Version 16
VisualStudioVersion = 16.0.31729.503
MinimumVisualStudioVersion = 10.0.40219.1
Project("{FAE04EC0-301F-11D3-BF4B-00C04F79EFBC}") = "Bai23", "Bai23\Bai23.csproj", "{F081E467-BB78-497C-B3F7-C75E9151996E}"
EndProject
Global
	GlobalSection(SolutionConfigurationPlatforms) = preSolution
		Debug|Any CPU = Debug|Any CPU
		Release|Any CPU = Release|Any CPU
	EndGlobalSection
	GlobalSection(ProjectConfigurationPlatforms) = postSolution
		{F081E467-BB78-497C-B3F7-C75E9151996E}.Debug|Any CPU.ActiveCfg = Debug|Any CPU
		{F081E467-BB78-497C-B3F7-C75E9151996E}.Debug|Any CPU.Build.0 = Debug|Any CPU
		{F081E467-BB78-497C-B3F7-C75E9151996E}.Release|Any CPU.ActiveCfg = Release|Any CPU
		{F081E467-BB78-497C-B3F7-C75E9151996E}.Release|Any CPU.Build.0 = Release|Any CPU
	EndGlobalSection
	GlobalSection(SolutionProperties) = preSolution
		HideSolutionNode = FALSE
	EndGlobalSection
	GlobalSection(ExtensibilityGlobals) = postSolution
		SolutionGuid = {D4D4B2FE-14B5-449A-9DCC-9BFC534B4E5D}
	EndGlobalSection
EndGlobal
