
Microsoft Visual Studio Solution File, Format Version 12.00
# Visual Studio Version 16
VisualStudioVersion = 16.0.31729.503
MinimumVisualStudioVersion = 10.0.40219.1
Project("{FAE04EC0-301F-11D3-BF4B-00C04F79EFBC}") = "B21", "B21\B21.csproj", "{CCA57CBE-2366-4B85-B5CC-67EAC632D8A3}"
EndProject
Global
	GlobalSection(SolutionConfigurationPlatforms) = preSolution
		Debug|Any CPU = Debug|Any CPU
		Release|Any CPU = Release|Any CPU
	EndGlobalSection
	GlobalSection(ProjectConfigurationPlatforms) = postSolution
		{CCA57CBE-2366-4B85-B5CC-67EAC632D8A3}.Debug|Any CPU.ActiveCfg = Debug|Any CPU
		{CCA57CBE-2366-4B85-B5CC-67EAC632D8A3}.Debug|Any CPU.Build.0 = Debug|Any CPU
		{CCA57CBE-2366-4B85-B5CC-67EAC632D8A3}.Release|Any CPU.ActiveCfg = Release|Any CPU
		{CCA57CBE-2366-4B85-B5CC-67EAC632D8A3}.Release|Any CPU.Build.0 = Release|Any CPU
	EndGlobalSection
	GlobalSection(SolutionProperties) = preSolution
		HideSolutionNode = FALSE
	EndGlobalSection
	GlobalSection(ExtensibilityGlobals) = postSolution
		SolutionGuid = {2F669D84-4705-4A27-879C-91632E87FC0B}
	EndGlobalSection
EndGlobal
